
Microsoft Visual Studio Solution File, Format Version 12.00
# Visual Studio Version 17
VisualStudioVersion = 17.10.34928.147
MinimumVisualStudioVersion = 10.0.40219.1
Project("{FAE04EC0-301F-11D3-BF4B-00C04F79EFBC}") = "Models", "Models\Models.csproj", "{FD317394-980F-476A-AB31-916F716406ED}"
EndProject
Project("{FAE04EC0-301F-11D3-BF4B-00C04F79EFBC}") = "Program", "Program\Program.csproj", "{F9FE51DC-DD07-48E4-AE20-61F79B46A630}"
EndProject
Global
	GlobalSection(SolutionConfigurationPlatforms) = preSolution
		Debug|Any CPU = Debug|Any CPU
		Release|Any CPU = Release|Any CPU
	EndGlobalSection
	GlobalSection(ProjectConfigurationPlatforms) = postSolution
		{FD317394-980F-476A-AB31-916F716406ED}.Debug|Any CPU.ActiveCfg = Debug|Any CPU
		{FD317394-980F-476A-AB31-916F716406ED}.Debug|Any CPU.Build.0 = Debug|Any CPU
		{FD317394-980F-476A-AB31-916F716406ED}.Release|Any CPU.ActiveCfg = Release|Any CPU
		{FD317394-980F-476A-AB31-916F716406ED}.Release|Any CPU.Build.0 = Release|Any CPU
		{F9FE51DC-DD07-48E4-AE20-61F79B46A630}.Debug|Any CPU.ActiveCfg = Debug|Any CPU
		{F9FE51DC-DD07-48E4-AE20-61F79B46A630}.Debug|Any CPU.Build.0 = Debug|Any CPU
		{F9FE51DC-DD07-48E4-AE20-61F79B46A630}.Release|Any CPU.ActiveCfg = Release|Any CPU
		{F9FE51DC-DD07-48E4-AE20-61F79B46A630}.Release|Any CPU.Build.0 = Release|Any CPU
	EndGlobalSection
	GlobalSection(SolutionProperties) = preSolution
		HideSolutionNode = FALSE
	EndGlobalSection
	GlobalSection(ExtensibilityGlobals) = postSolution
		SolutionGuid = {1995787A-4695-4D99-8176-C1F8A837E0B8}
	EndGlobalSection
EndGlobal
